
Microsoft Visual Studio Solution File, Format Version 12.00
# Visual Studio Version 17
VisualStudioVersion = 17.11.35303.130
MinimumVisualStudioVersion = 10.0.40219.1
Project("{2150E333-8FDC-42A3-9474-1A3956D46DE8}") = "Task0", "Task0", "{C90B8315-6130-4292-8A7E-6D17A940A498}"
EndProject
Project("{9A19103F-16F7-4668-BE54-9A1E7A4F7556}") = "Tyuiu.NovikovAA.Sprint0.Task0.V0", "Tyuiu.NovikovAA.Sprint0.Task0.V0\Tyuiu.NovikovAA.Sprint0.Task0.V0.csproj", "{2E572359-53E7-4D9B-94B7-7289D1CB39F7}"
EndProject
Project("{2150E333-8FDC-42A3-9474-1A3956D46DE8}") = "Task 1", "Task 1", "{D5099EF2-6C1E-4281-A29C-46A33588F7C6}"
EndProject
Project("{FAE04EC0-301F-11D3-BF4B-00C04F79EFBC}") = "Tyuiu.NovikovAA.Sprint0.Task1.V0", "Tyuiu.NovikovAA.Sprint0.Task1.V0\Tyuiu.NovikovAA.Sprint0.Task1.V0.csproj", "{ADE3A607-DE0B-4457-8AE5-ACA0F23A30EF}"
EndProject
Global
	GlobalSection(SolutionConfigurationPlatforms) = preSolution
		Debug|Any CPU = Debug|Any CPU
		Release|Any CPU = Release|Any CPU
	EndGlobalSection
	GlobalSection(ProjectConfigurationPlatforms) = postSolution
		{2E572359-53E7-4D9B-94B7-7289D1CB39F7}.Debug|Any CPU.ActiveCfg = Debug|Any CPU
		{2E572359-53E7-4D9B-94B7-7289D1CB39F7}.Debug|Any CPU.Build.0 = Debug|Any CPU
		{2E572359-53E7-4D9B-94B7-7289D1CB39F7}.Release|Any CPU.ActiveCfg = Release|Any CPU
		{2E572359-53E7-4D9B-94B7-7289D1CB39F7}.Release|Any CPU.Build.0 = Release|Any CPU
		{ADE3A607-DE0B-4457-8AE5-ACA0F23A30EF}.Debug|Any CPU.ActiveCfg = Debug|Any CPU
		{ADE3A607-DE0B-4457-8AE5-ACA0F23A30EF}.Debug|Any CPU.Build.0 = Debug|Any CPU
		{ADE3A607-DE0B-4457-8AE5-ACA0F23A30EF}.Release|Any CPU.ActiveCfg = Release|Any CPU
		{ADE3A607-DE0B-4457-8AE5-ACA0F23A30EF}.Release|Any CPU.Build.0 = Release|Any CPU
	EndGlobalSection
	GlobalSection(SolutionProperties) = preSolution
		HideSolutionNode = FALSE
	EndGlobalSection
	GlobalSection(NestedProjects) = preSolution
		{2E572359-53E7-4D9B-94B7-7289D1CB39F7} = {C90B8315-6130-4292-8A7E-6D17A940A498}
		{ADE3A607-DE0B-4457-8AE5-ACA0F23A30EF} = {D5099EF2-6C1E-4281-A29C-46A33588F7C6}
	EndGlobalSection
	GlobalSection(ExtensibilityGlobals) = postSolution
		SolutionGuid = {BE9480E1-CDE0-41C0-A944-92CC6B6F81CC}
	EndGlobalSection
EndGlobal
