
Microsoft Visual Studio Solution File, Format Version 12.00
# Visual Studio Version 17
VisualStudioVersion = 17.11.35303.130
MinimumVisualStudioVersion = 10.0.40219.1
Project("{2150E333-8FDC-42A3-9474-1A3956D46DE8}") = "Task0", "Task0", "{C90B8315-6130-4292-8A7E-6D17A940A498}"
EndProject
Project("{9A19103F-16F7-4668-BE54-9A1E7A4F7556}") = "Tyuiu.NovikovAA.Sprint0.Task0.V0", "Tyuiu.NovikovAA.Sprint0.Task0.V0\Tyuiu.NovikovAA.Sprint0.Task0.V0.csproj", "{2E572359-53E7-4D9B-94B7-7289D1CB39F7}"
EndProject
Project("{2150E333-8FDC-42A3-9474-1A3956D46DE8}") = "Task 1", "Task 1", "{D5099EF2-6C1E-4281-A29C-46A33588F7C6}"
EndProject
Project("{9A19103F-16F7-4668-BE54-9A1E7A4F7556}") = "Tyuiu.NovikovAA.Sprint0.Task1.V0", "Tyuiu.NovikovAA.Sprint0.Task1.V0\Tyuiu.NovikovAA.Sprint0.Task1.V0.csproj", "{ADE3A607-DE0B-4457-8AE5-ACA0F23A30EF}"
EndProject
Project("{2150E333-8FDC-42A3-9474-1A3956D46DE8}") = "Task2", "Task2", "{1F52A9DC-C2F6-44EA-B05D-9DA622AFD315}"
EndProject
Project("{9A19103F-16F7-4668-BE54-9A1E7A4F7556}") = "Tyuiu.NovikovAA.Sprint0.Task2.V0", "Tyuiu.NovikovAA.Sprint0.Task2.V0\Tyuiu.NovikovAA.Sprint0.Task2.V0.csproj", "{2EE0868B-D8A2-4C2F-8DB5-3E7D9F7F2C36}"
EndProject
Project("{9A19103F-16F7-4668-BE54-9A1E7A4F7556}") = "Tyuiu.NovikovAA.Sprint0.Task2.V0.Lib", "Tyuiu.NovikovAA.Sprint0.Task2.V0.Lib\Tyuiu.NovikovAA.Sprint0.Task2.V0.Lib.csproj", "{6FD19313-7A83-415D-9BC3-BF3729B6AE13}"
EndProject
Project("{9A19103F-16F7-4668-BE54-9A1E7A4F7556}") = "Tyuiu.NovikovAA.Sprint0.Task2.V0.Test", "Tyuiu.NovikovAA.Sprint0.Task2.V0.Test\Tyuiu.NovikovAA.Sprint0.Task2.V0.Test.csproj", "{FEE1C48C-96B4-491B-B1A2-1D2F7AA8337D}"
EndProject
Project("{2150E333-8FDC-42A3-9474-1A3956D46DE8}") = "Task3", "Task3", "{B46A80A4-A84F-4957-A838-266A240604EB}"
EndProject
Project("{9A19103F-16F7-4668-BE54-9A1E7A4F7556}") = "Tyuiu.NovikovAA.Sprint0.Task3.V0", "Tyuiu.NovikovAA.Sprint0.Task3.V0\Tyuiu.NovikovAA.Sprint0.Task3.V0.csproj", "{489AA5E9-5FF8-4D38-BD1F-349DD2E1ABB0}"
EndProject
Project("{9A19103F-16F7-4668-BE54-9A1E7A4F7556}") = "Tyuiu.NovikovAA.Sprint0.Task3.V0.Lib", "Tyuiu.NovikovAA.Sprint0.Task3.V0.Lib\Tyuiu.NovikovAA.Sprint0.Task3.V0.Lib.csproj", "{55CFDB70-93A1-437D-B02B-014DE27FCC76}"
EndProject
Project("{9A19103F-16F7-4668-BE54-9A1E7A4F7556}") = "Tyuiu.NovikovAA.Sprint0.Task3.V0.Test", "Tyuiu.NovikovAA.Sprint0.Task3.V0.Test\Tyuiu.NovikovAA.Sprint0.Task3.V0.Test.csproj", "{F82FB800-0DF2-4305-90A9-7FEDD63A29CB}"
EndProject
Project("{2150E333-8FDC-42A3-9474-1A3956D46DE8}") = "Task4", "Task4", "{353E0263-C93E-4D28-8467-2CD07C19A7DF}"
EndProject
Project("{FAE04EC0-301F-11D3-BF4B-00C04F79EFBC}") = "Tyuiu.NovikovAA.Sprint0.Task4.V0", "Tyuiu.NovikovAA.Sprint0.Task4.V0\Tyuiu.NovikovAA.Sprint0.Task4.V0.csproj", "{EB0E6A00-53F7-4332-9B3D-D8F57A902780}"
EndProject
Project("{FAE04EC0-301F-11D3-BF4B-00C04F79EFBC}") = "Tyuiu.NovikovAA.Sprint0.Task4.V0.Lib", "Tyuiu.NovikovAA.Sprint0.Task4.V0.Lib\Tyuiu.NovikovAA.Sprint0.Task4.V0.Lib.csproj", "{A00CFAF6-DA94-4621-8773-AF16DD21847A}"
EndProject
Project("{FAE04EC0-301F-11D3-BF4B-00C04F79EFBC}") = "Tyuiu.NovikovAA.Sprint0.Task4.V0.Test", "Tyuiu.NovikovAA.Sprint0.Task4.V0.Test\Tyuiu.NovikovAA.Sprint0.Task4.V0.Test.csproj", "{1ED666AC-50BE-4F3B-A9D7-B9A6F7ABFF70}"
EndProject
Global
	GlobalSection(SolutionConfigurationPlatforms) = preSolution
		Debug|Any CPU = Debug|Any CPU
		Release|Any CPU = Release|Any CPU
	EndGlobalSection
	GlobalSection(ProjectConfigurationPlatforms) = postSolution
		{2E572359-53E7-4D9B-94B7-7289D1CB39F7}.Debug|Any CPU.ActiveCfg = Debug|Any CPU
		{2E572359-53E7-4D9B-94B7-7289D1CB39F7}.Debug|Any CPU.Build.0 = Debug|Any CPU
		{2E572359-53E7-4D9B-94B7-7289D1CB39F7}.Release|Any CPU.ActiveCfg = Release|Any CPU
		{2E572359-53E7-4D9B-94B7-7289D1CB39F7}.Release|Any CPU.Build.0 = Release|Any CPU
		{ADE3A607-DE0B-4457-8AE5-ACA0F23A30EF}.Debug|Any CPU.ActiveCfg = Debug|Any CPU
		{ADE3A607-DE0B-4457-8AE5-ACA0F23A30EF}.Debug|Any CPU.Build.0 = Debug|Any CPU
		{ADE3A607-DE0B-4457-8AE5-ACA0F23A30EF}.Release|Any CPU.ActiveCfg = Release|Any CPU
		{ADE3A607-DE0B-4457-8AE5-ACA0F23A30EF}.Release|Any CPU.Build.0 = Release|Any CPU
		{2EE0868B-D8A2-4C2F-8DB5-3E7D9F7F2C36}.Debug|Any CPU.ActiveCfg = Debug|Any CPU
		{2EE0868B-D8A2-4C2F-8DB5-3E7D9F7F2C36}.Debug|Any CPU.Build.0 = Debug|Any CPU
		{2EE0868B-D8A2-4C2F-8DB5-3E7D9F7F2C36}.Release|Any CPU.ActiveCfg = Release|Any CPU
		{2EE0868B-D8A2-4C2F-8DB5-3E7D9F7F2C36}.Release|Any CPU.Build.0 = Release|Any CPU
		{6FD19313-7A83-415D-9BC3-BF3729B6AE13}.Debug|Any CPU.ActiveCfg = Debug|Any CPU
		{6FD19313-7A83-415D-9BC3-BF3729B6AE13}.Debug|Any CPU.Build.0 = Debug|Any CPU
		{6FD19313-7A83-415D-9BC3-BF3729B6AE13}.Release|Any CPU.ActiveCfg = Release|Any CPU
		{6FD19313-7A83-415D-9BC3-BF3729B6AE13}.Release|Any CPU.Build.0 = Release|Any CPU
		{FEE1C48C-96B4-491B-B1A2-1D2F7AA8337D}.Debug|Any CPU.ActiveCfg = Debug|Any CPU
		{FEE1C48C-96B4-491B-B1A2-1D2F7AA8337D}.Debug|Any CPU.Build.0 = Debug|Any CPU
		{FEE1C48C-96B4-491B-B1A2-1D2F7AA8337D}.Release|Any CPU.ActiveCfg = Release|Any CPU
		{FEE1C48C-96B4-491B-B1A2-1D2F7AA8337D}.Release|Any CPU.Build.0 = Release|Any CPU
		{489AA5E9-5FF8-4D38-BD1F-349DD2E1ABB0}.Debug|Any CPU.ActiveCfg = Debug|Any CPU
		{489AA5E9-5FF8-4D38-BD1F-349DD2E1ABB0}.Debug|Any CPU.Build.0 = Debug|Any CPU
		{489AA5E9-5FF8-4D38-BD1F-349DD2E1ABB0}.Release|Any CPU.ActiveCfg = Release|Any CPU
		{489AA5E9-5FF8-4D38-BD1F-349DD2E1ABB0}.Release|Any CPU.Build.0 = Release|Any CPU
		{55CFDB70-93A1-437D-B02B-014DE27FCC76}.Debug|Any CPU.ActiveCfg = Debug|Any CPU
		{55CFDB70-93A1-437D-B02B-014DE27FCC76}.Debug|Any CPU.Build.0 = Debug|Any CPU
		{55CFDB70-93A1-437D-B02B-014DE27FCC76}.Release|Any CPU.ActiveCfg = Release|Any CPU
		{55CFDB70-93A1-437D-B02B-014DE27FCC76}.Release|Any CPU.Build.0 = Release|Any CPU
		{F82FB800-0DF2-4305-90A9-7FEDD63A29CB}.Debug|Any CPU.ActiveCfg = Debug|Any CPU
		{F82FB800-0DF2-4305-90A9-7FEDD63A29CB}.Debug|Any CPU.Build.0 = Debug|Any CPU
		{F82FB800-0DF2-4305-90A9-7FEDD63A29CB}.Release|Any CPU.ActiveCfg = Release|Any CPU
		{F82FB800-0DF2-4305-90A9-7FEDD63A29CB}.Release|Any CPU.Build.0 = Release|Any CPU
		{EB0E6A00-53F7-4332-9B3D-D8F57A902780}.Debug|Any CPU.ActiveCfg = Debug|Any CPU
		{EB0E6A00-53F7-4332-9B3D-D8F57A902780}.Debug|Any CPU.Build.0 = Debug|Any CPU
		{EB0E6A00-53F7-4332-9B3D-D8F57A902780}.Release|Any CPU.ActiveCfg = Release|Any CPU
		{EB0E6A00-53F7-4332-9B3D-D8F57A902780}.Release|Any CPU.Build.0 = Release|Any CPU
		{A00CFAF6-DA94-4621-8773-AF16DD21847A}.Debug|Any CPU.ActiveCfg = Debug|Any CPU
		{A00CFAF6-DA94-4621-8773-AF16DD21847A}.Debug|Any CPU.Build.0 = Debug|Any CPU
		{A00CFAF6-DA94-4621-8773-AF16DD21847A}.Release|Any CPU.ActiveCfg = Release|Any CPU
		{A00CFAF6-DA94-4621-8773-AF16DD21847A}.Release|Any CPU.Build.0 = Release|Any CPU
		{1ED666AC-50BE-4F3B-A9D7-B9A6F7ABFF70}.Debug|Any CPU.ActiveCfg = Debug|Any CPU
		{1ED666AC-50BE-4F3B-A9D7-B9A6F7ABFF70}.Debug|Any CPU.Build.0 = Debug|Any CPU
		{1ED666AC-50BE-4F3B-A9D7-B9A6F7ABFF70}.Release|Any CPU.ActiveCfg = Release|Any CPU
		{1ED666AC-50BE-4F3B-A9D7-B9A6F7ABFF70}.Release|Any CPU.Build.0 = Release|Any CPU
	EndGlobalSection
	GlobalSection(SolutionProperties) = preSolution
		HideSolutionNode = FALSE
	EndGlobalSection
	GlobalSection(NestedProjects) = preSolution
		{2E572359-53E7-4D9B-94B7-7289D1CB39F7} = {C90B8315-6130-4292-8A7E-6D17A940A498}
		{ADE3A607-DE0B-4457-8AE5-ACA0F23A30EF} = {D5099EF2-6C1E-4281-A29C-46A33588F7C6}
		{2EE0868B-D8A2-4C2F-8DB5-3E7D9F7F2C36} = {1F52A9DC-C2F6-44EA-B05D-9DA622AFD315}
		{6FD19313-7A83-415D-9BC3-BF3729B6AE13} = {1F52A9DC-C2F6-44EA-B05D-9DA622AFD315}
		{FEE1C48C-96B4-491B-B1A2-1D2F7AA8337D} = {1F52A9DC-C2F6-44EA-B05D-9DA622AFD315}
		{489AA5E9-5FF8-4D38-BD1F-349DD2E1ABB0} = {B46A80A4-A84F-4957-A838-266A240604EB}
		{55CFDB70-93A1-437D-B02B-014DE27FCC76} = {B46A80A4-A84F-4957-A838-266A240604EB}
		{F82FB800-0DF2-4305-90A9-7FEDD63A29CB} = {B46A80A4-A84F-4957-A838-266A240604EB}
		{EB0E6A00-53F7-4332-9B3D-D8F57A902780} = {353E0263-C93E-4D28-8467-2CD07C19A7DF}
		{A00CFAF6-DA94-4621-8773-AF16DD21847A} = {353E0263-C93E-4D28-8467-2CD07C19A7DF}
		{1ED666AC-50BE-4F3B-A9D7-B9A6F7ABFF70} = {353E0263-C93E-4D28-8467-2CD07C19A7DF}
	EndGlobalSection
	GlobalSection(ExtensibilityGlobals) = postSolution
		SolutionGuid = {BE9480E1-CDE0-41C0-A944-92CC6B6F81CC}
	EndGlobalSection
EndGlobal
